
Microsoft Visual Studio Solution File, Format Version 12.00
# Visual Studio Version 17
VisualStudioVersion = 17.14.36811.4
MinimumVisualStudioVersion = 10.0.40219.1
Project("{FAE04EC0-301F-11D3-BF4B-00C04F79EFBC}") = "BaitapPhan1", "BaitapPhan1\BaitapPhan1.csproj", "{FA53C93A-17B1-42EB-82D2-B672F153D304}"
EndProject
Global
	GlobalSection(SolutionConfigurationPlatforms) = preSolution
		Debug|Any CPU = Debug|Any CPU
		Release|Any CPU = Release|Any CPU
	EndGlobalSection
	GlobalSection(ProjectConfigurationPlatforms) = postSolution
		{FA53C93A-17B1-42EB-82D2-B672F153D304}.Debug|Any CPU.ActiveCfg = Debug|Any CPU
		{FA53C93A-17B1-42EB-82D2-B672F153D304}.Debug|Any CPU.Build.0 = Debug|Any CPU
		{FA53C93A-17B1-42EB-82D2-B672F153D304}.Release|Any CPU.ActiveCfg = Release|Any CPU
		{FA53C93A-17B1-42EB-82D2-B672F153D304}.Release|Any CPU.Build.0 = Release|Any CPU
	EndGlobalSection
	GlobalSection(SolutionProperties) = preSolution
		HideSolutionNode = FALSE
	EndGlobalSection
	GlobalSection(ExtensibilityGlobals) = postSolution
		SolutionGuid = {715182E8-11E3-49C6-9652-A0967ED741EF}
	EndGlobalSection
EndGlobal
